{
  "version": 4,
  "terraform_version": "1.7.3",
  "serial": 52,
  "lineage": "4bf33d8e-9469-988f-dcd7-f94d7ca62638",
  "outputs": {},
  "resources": [
    {
      "mode": "managed",
      "type": "github_organization_settings",
      "name": "bakiorg_settings",
      "provider": "provider[\"registry.terraform.io/integrations/github\"]",
      "instances": [
        {
          "schema_version": 0,
          "attributes": {
            "advanced_security_enabled_for_new_repositories": false,
            "billing_email": "bazestamatovski@gmail.com",
            "blog": "",
            "company": "",
            "default_repository_permission": "read",
            "dependabot_alerts_enabled_for_new_repositories": false,
            "dependabot_security_updates_enabled_for_new_repositories": false,
            "dependency_graph_enabled_for_new_repositories": false,
            "description": "",
            "email": "",
            "has_organization_projects": false,
            "has_repository_projects": false,
            "id": "160286765",
            "location": "",
            "members_can_create_internal_repositories": false,
            "members_can_create_pages": false,
            "members_can_create_private_pages": false,
            "members_can_create_private_repositories": false,
            "members_can_create_public_pages": false,
            "members_can_create_public_repositories": false,
            "members_can_create_repositories": false,
            "members_can_fork_private_repositories": false,
            "name": "",
            "secret_scanning_enabled_for_new_repositories": false,
            "secret_scanning_push_protection_enabled_for_new_repositories": false,
            "twitter_username": "",
            "web_commit_signoff_required": false
          },
          "sensitive_attributes": [],
          "private": "bnVsbA=="
        }
      ]
    },
    {
      "module": "module.github",
      "mode": "managed",
      "type": "github_actions_secret",
      "name": "repository_secret",
      "provider": "provider[\"registry.terraform.io/integrations/github\"]",
      "instances": [
        {
          "index_key": "bakiorg_github_app_id",
          "schema_version": 0,
          "attributes": {
            "created_at": "2024-02-17 09:32:37 +0000 UTC",
            "encrypted_value": "",
            "id": ".github:BAKIORG_GITHUB_APP_ID",
            "plaintext_value": "",
            "repository": ".github",
            "secret_name": "BAKIORG_GITHUB_APP_ID",
            "updated_at": "2024-02-17 09:32:37 +0000 UTC"
          },
          "sensitive_attributes": [],
          "private": "bnVsbA==",
          "dependencies": [
            "module.github.github_repository.repository"
          ]
        },
        {
          "index_key": "bakiorg_github_app_private_key",
          "schema_version": 0,
          "attributes": {
            "created_at": "2024-02-17 09:32:36 +0000 UTC",
            "encrypted_value": "",
            "id": ".github:BAKIORG_GITHUB_APP_PRIVATE_KEY",
            "plaintext_value": "",
            "repository": ".github",
            "secret_name": "BAKIORG_GITHUB_APP_PRIVATE_KEY",
            "updated_at": "2024-02-17 09:32:36 +0000 UTC"
          },
          "sensitive_attributes": [],
          "private": "bnVsbA==",
          "dependencies": [
            "module.github.github_repository.repository"
          ]
        }
      ]
    },
    {
      "module": "module.github",
      "mode": "managed",
      "type": "github_branch",
      "name": "main",
      "provider": "provider[\"registry.terraform.io/integrations/github\"]",
      "instances": [
        {
          "schema_version": 0,
          "attributes": {
            "branch": "main",
            "etag": "W/\"66489d4342228c3a7c7372985a6351a325af28943dbb0d86547dc2f3eac3ed76\"",
            "id": ".github:main",
            "ref": "refs/heads/main",
            "repository": ".github",
            "sha": "488c8e536972d082067fa6d18787c2c17ed0d081",
            "source_branch": "main",
            "source_sha": "488c8e536972d082067fa6d18787c2c17ed0d081"
          },
          "sensitive_attributes": [],
          "private": "bnVsbA==",
          "dependencies": [
            "module.github.github_repository.repository"
          ]
        }
      ]
    },
    {
      "module": "module.github",
      "mode": "managed",
      "type": "github_branch_default",
      "name": "repository",
      "provider": "provider[\"registry.terraform.io/integrations/github\"]",
      "instances": [
        {
          "schema_version": 0,
          "attributes": {
            "branch": "main",
            "etag": "W/\"803ffb4f966aec2a3f27812f4c323c5a5b8620dd2fdf5a782cfdc47aaff777e4\"",
            "id": ".github",
            "rename": false,
            "repository": ".github"
          },
          "sensitive_attributes": [],
          "private": "bnVsbA==",
          "dependencies": [
            "module.github.github_branch.main",
            "module.github.github_repository.repository"
          ]
        }
      ]
    },
    {
      "module": "module.github",
      "mode": "managed",
      "type": "github_branch_protection_v3",
      "name": "main",
      "provider": "provider[\"registry.terraform.io/integrations/github\"]",
      "instances": [
        {
          "schema_version": 0,
          "attributes": {
            "branch": "main",
            "enforce_admins": true,
            "etag": "W/\"08a5d5ccc087cd8044187d5486b98700653f6eee9d81e510a627394fd571f6f1\"",
            "id": ".github:main",
            "repository": ".github",
            "require_conversation_resolution": true,
            "require_signed_commits": false,
            "required_pull_request_reviews": [
              {
                "bypass_pull_request_allowances": [],
                "dismiss_stale_reviews": true,
                "dismissal_apps": [],
                "dismissal_teams": [],
                "dismissal_users": [],
                "include_admins": false,
                "require_code_owner_reviews": true,
                "required_approving_review_count": 1
              }
            ],
            "required_status_checks": [],
            "restrictions": []
          },
          "sensitive_attributes": [],
          "private": "bnVsbA==",
          "dependencies": [
            "module.github.github_branch.main",
            "module.github.github_repository.repository"
          ]
        }
      ]
    },
    {
      "module": "module.github",
      "mode": "managed",
      "type": "github_repository",
      "name": "repository",
      "provider": "provider[\"registry.terraform.io/integrations/github\"]",
      "instances": [
        {
          "schema_version": 1,
          "attributes": {
            "allow_auto_merge": false,
            "allow_merge_commit": false,
            "allow_rebase_merge": false,
            "allow_squash_merge": true,
            "allow_update_branch": true,
            "archive_on_destroy": null,
            "archived": false,
            "auto_init": true,
            "default_branch": "main",
            "delete_branch_on_merge": true,
            "description": "",
            "etag": "W/\"fca6a4ae9870f6f3aa8441c65b72aa4a5fb88836a504caaec66c06e2b5c18583\"",
            "full_name": "bakiorg/.github",
            "git_clone_url": "git://github.com/bakiorg/.github.git",
            "gitignore_template": null,
            "has_discussions": false,
            "has_downloads": false,
            "has_issues": false,
            "has_projects": false,
            "has_wiki": false,
            "homepage_url": "",
            "html_url": "https://github.com/bakiorg/.github",
            "http_clone_url": "https://github.com/bakiorg/.github.git",
            "id": ".github",
            "ignore_vulnerability_alerts_during_read": null,
            "is_template": false,
            "license_template": null,
            "merge_commit_message": "PR_TITLE",
            "merge_commit_title": "MERGE_MESSAGE",
            "name": ".github",
            "node_id": "R_kgDOLTlodA",
            "pages": [],
            "primary_language": "",
            "private": false,
            "repo_id": 758737012,
            "security_and_analysis": [
              {
                "advanced_security": [],
                "secret_scanning": [
                  {
                    "status": "disabled"
                  }
                ],
                "secret_scanning_push_protection": [
                  {
                    "status": "disabled"
                  }
                ]
              }
            ],
            "squash_merge_commit_message": "BLANK",
            "squash_merge_commit_title": "PR_TITLE",
            "ssh_clone_url": "git@github.com:bakiorg/.github.git",
            "svn_url": "https://github.com/bakiorg/.github",
            "template": [],
            "topics": [],
            "visibility": "public",
            "vulnerability_alerts": false,
            "web_commit_signoff_required": false
          },
          "sensitive_attributes": [],
          "private": "eyJzY2hlbWFfdmVyc2lvbiI6IjEifQ=="
        }
      ]
    }
  ],
  "check_results": null
}
