{
  "version": 4,
  "terraform_version": "1.7.3",
  "serial": 100,
  "lineage": "4bf33d8e-9469-988f-dcd7-f94d7ca62638",
  "outputs": {},
  "resources": [
    {
      "mode": "data",
      "type": "github_app",
      "name": "bakiorg_github",
      "provider": "provider[\"registry.terraform.io/integrations/github\"]",
      "instances": [
        {
          "schema_version": 0,
          "attributes": {
            "description": "",
            "id": "830820",
            "name": "bakiorg-github",
            "node_id": "A_kwHOCY3ILc4ADK1k",
            "slug": "bakiorg-github"
          },
          "sensitive_attributes": []
        }
      ]
    },
    {
      "mode": "managed",
      "type": "github_membership",
      "name": "membership_for_some_user",
      "provider": "provider[\"registry.terraform.io/integrations/github\"]",
      "instances": [
        {
          "schema_version": 0,
          "attributes": {
            "downgrade_on_destroy": false,
            "etag": "W/\"92b65f94f16acf08e516d2df2e0316d8b5c9adb2de70d062bd48eda390d0ac34\"",
            "id": "bakiorg:bakilol",
            "role": "admin",
            "username": "bakilol"
          },
          "sensitive_attributes": [],
          "private": "bnVsbA=="
        }
      ]
    },
    {
      "mode": "managed",
      "type": "github_organization_settings",
      "name": "organization_settings",
      "provider": "provider[\"registry.terraform.io/integrations/github\"]",
      "instances": [
        {
          "schema_version": 0,
          "attributes": {
            "advanced_security_enabled_for_new_repositories": false,
            "billing_email": "bazestamatovski@gmail.com",
            "blog": "",
            "company": "",
            "default_repository_permission": "write",
            "dependabot_alerts_enabled_for_new_repositories": false,
            "dependabot_security_updates_enabled_for_new_repositories": false,
            "dependency_graph_enabled_for_new_repositories": false,
            "description": "",
            "email": "",
            "has_organization_projects": false,
            "has_repository_projects": false,
            "id": "160286765",
            "location": "",
            "members_can_create_internal_repositories": false,
            "members_can_create_pages": false,
            "members_can_create_private_pages": false,
            "members_can_create_private_repositories": false,
            "members_can_create_public_pages": false,
            "members_can_create_public_repositories": false,
            "members_can_create_repositories": false,
            "members_can_fork_private_repositories": false,
            "name": "bakiorg",
            "secret_scanning_enabled_for_new_repositories": false,
            "secret_scanning_push_protection_enabled_for_new_repositories": false,
            "twitter_username": "",
            "web_commit_signoff_required": false
          },
          "sensitive_attributes": [],
          "private": "bnVsbA=="
        }
      ]
    },
    {
      "module": "module.github",
      "mode": "managed",
      "type": "github_actions_secret",
      "name": "repository_secret",
      "provider": "provider[\"registry.terraform.io/integrations/github\"]",
      "instances": [
        {
          "index_key": "bakiorg_github_app_private_key",
          "schema_version": 0,
          "attributes": {
            "created_at": "2024-02-17 12:02:39 +0000 UTC",
            "encrypted_value": "ZxXRmYWgW0tU9PAoQ6aCGLcCMX2z6uanSYlypwWu+QJONsgZ4nULMlOwWj7SEcI9/CsCEzxgiK6hNPGqOQr5mMOa+6bn7KOUabewBoPvvRyy6/9bnQyhtjO742gmHd/2AGsh0R/Dk9bcvuGtdq7pdrUuSiG2rkPtO+84pT0yMx7+iRzZOS6fAjnmFXF0WpwFA2LdUEUkPvE73mQhEe2RamZBekBZUhEFncAvIm6rcA/l7KZuxzM117Fo6tl36NSoX3b9XuSpH1VchNW24QginmkwJn0kRY2+gBm/gkpirtiNqMuE+A16br9Bq4Z15cUJr4E7dzAaGajqGmKUgDioJUgHwiQ8kNkrHAOcALZkBgnTx0xZoyqHdsC2fL9wldrBRkbkIHrZ1b3nSxAzHURTP46eB9LlnIWrnaTNew4hh4hJPC2AKmjIdkOGiNOaRX63qCTCdgpUOi5b3lIJUXI/MbK1kdI7BH7Kn2/P55oQVb8/Yg/plNAr1YBcGH/KxZphgHC4kL1v1gkfNaC91tWKtBqrFU2h4rW4OiL3Uyx3Ocdz+A2q0I0Ms8i+V4UKvm9Qe4/4WcTXpsGJBGbdcllqJXVhLdyDfWOA0t39s8ykTr/INBoDQzWCSj4qkHOGNH10CAW8h6i3kZZWWQtx23BP4UmM+UGfdQHP4M74xgCbTDjqVY+nofGqZf4+c7AS0T6LTm2SCdnxjPNj/VQtsYVgu54ONkqE4sYieie+eHF3uRAqIVCQXTNfRD5D0HCPXC5eobCRDKdcFdmeyxnY1V/uAv9q0Rzc/18LvGVI+qaewzbh3P5fcYuuUJYi7yY6HBeBsXx4nC+z43nxEemQg3cWR562QbTMgbsGtqQtCFytSg0wH8NXQ3n8a5PCCmvLy6QX+Xf2vdXUbgySC46+nPU9Xv78GjDG6evUtjnLq6wFc1NmZ19ysjTBXP3WopVtVqSsgAwGgQqkTs0kqauQSmRgVodTKqthXCh9FCz4xzkmnfDfOzC0O5E6eNjRGUwkbF4O8Kk2HalWZRXdLvo+5FSf2rgwBBQiAYo2ID4FWSIU11o5cz+X/YqtGvMuicKeBIzH78l+EhKZa98icdNCmbCji4h9XPl/H30Gmumxlhz6BY0D1+PO1+Uvh0qWF523YQeKNbiiSnrlsKwrGXS/JrkM8wJeKN0mbRHdSa7rRygf9qut/ifzstJBNE9dxztTYDHjphDqHZPaxZdr2u1Ikt7p3k4g863j070ySahml5v0GsRwHMrvkGfaKs5pjqta5usrCvwVuKEBwRrFrIf39tE58/qIan7OUCvayh8Ym6WvkxowR9sL/gVu9NRXkksuByS/9LfjwdM4NIIgY8wyT/SjI+IkR1QFPQBmw9giovYcqn8x2I6VGKHxgDk5pSWxqVGWxPjDAdgemiXY8TBZhCmQUgbIE996px9RB52hq3DhtHIz5K5DaAnJWRxj7FzJ+HrfOEu22ZeklwOvVGX3BLczZchpzKf/eeoDUY1C6WOS4PzmcBHuLBY1H9dQU/ieUBmYVixtV2NPv81jK8ejn+ufrxiVHmPD7msYF4OVphN9B55EZf8jBQiWj2jzo5sXccdHce35B6svMRHLZFQ/V+4slS6fzU7xjsY0w0dd5qYXOyzW1gR44DBqPlysZTCC5Rt7yrGY/7B7IULnWB2Ys74tX1FLpInirkvTij2zIMOd6QsDohER6lZggGeWVuVHdCbhMpX+LwPU17+RrnEgLnvVye3DQ+JaDOsts+wNlLVUNoHXMA1SWhrDF//HpUMT6gsLgx/QbJa4hY6LIZRaEe4j9AjUwZzK07dzo0/sNXyuk456imtJwGLpRDtPjt0rOAfrLte2KvUHmu6G18I0qBjzttVRNinu6GtcAcjaNPfDgECiLDpMpNts78moMSyBumbzULsVw/fqfNeEkWwRQLqrKBVuHbByfpqz9tXW8Q9+EIesO2xVljl6XyDiZAJBig2KwOvxQMRwWpRWpA/qHOIuwQjtojWzC9mWUU88wWpdqm5/wTPZJIUwHLq4gfcmomSOfDBehxcC6h8wWnkjcKpv6H13SoVHJ5UTuZEkJWmTT5XyjrcMRVS6rWkb57feOBVNioVQzvggKJl6MMHlBEU48fGffRuh/PZ1vmPOmqLSy13QH+a1CK1562mRE9lKLaFARKsFTqj6Tq470ja3mZsVKiJe6pE7DjXnEwY0lVasyX6CKgodHXuNUIDujBB0L0vfzjoN+xF4TnYoj+0+ZhaxMaLyHH2NyonbB69+/joAg+79h3vSJ3h0OuNvtnpzZA==",
            "id": ".github:BAKIORG_GITHUB_APP_PRIVATE_KEY",
            "plaintext_value": "",
            "repository": ".github",
            "secret_name": "BAKIORG_GITHUB_APP_PRIVATE_KEY",
            "updated_at": "2024-02-17 12:02:39 +0000 UTC"
          },
          "sensitive_attributes": [],
          "private": "bnVsbA==",
          "dependencies": [
            "module.github.github_repository.repository"
          ]
        }
      ]
    },
    {
      "module": "module.github",
      "mode": "managed",
      "type": "github_actions_variable",
      "name": "repository_variable",
      "provider": "provider[\"registry.terraform.io/integrations/github\"]",
      "instances": [
        {
          "index_key": "bakiorg_github_app_id",
          "schema_version": 0,
          "attributes": {
            "created_at": "2024-02-17 12:02:36 +0000 UTC",
            "id": ".github:BAKIORG_GITHUB_APP_ID",
            "repository": ".github",
            "updated_at": "2024-02-17 12:02:36 +0000 UTC",
            "value": "830820",
            "variable_name": "BAKIORG_GITHUB_APP_ID"
          },
          "sensitive_attributes": [],
          "private": "bnVsbA==",
          "dependencies": [
            "data.github_app.bakiorg_github",
            "module.github.github_repository.repository"
          ]
        }
      ]
    },
    {
      "module": "module.github",
      "mode": "managed",
      "type": "github_branch",
      "name": "main",
      "provider": "provider[\"registry.terraform.io/integrations/github\"]",
      "instances": [
        {
          "schema_version": 0,
          "attributes": {
            "branch": "main",
            "etag": "W/\"5a031c5b24a4644fd0fc955c8ef3e5bdb61c62cd976a45d86f42fb6477c00e97\"",
            "id": ".github:main",
            "ref": "refs/heads/main",
            "repository": ".github",
            "sha": "a797570dbaf1f6d799791d95f79cea37f326f684",
            "source_branch": "main",
            "source_sha": "488c8e536972d082067fa6d18787c2c17ed0d081"
          },
          "sensitive_attributes": [],
          "private": "bnVsbA==",
          "dependencies": [
            "module.github.github_repository.repository"
          ]
        }
      ]
    },
    {
      "module": "module.github",
      "mode": "managed",
      "type": "github_branch_default",
      "name": "main",
      "provider": "provider[\"registry.terraform.io/integrations/github\"]",
      "instances": [
        {
          "schema_version": 0,
          "attributes": {
            "branch": "main",
            "etag": "W/\"72aabd1ec977de8a11f8c2a9d70048d83ada5dd7f7597c7c2e4328303b01fef1\"",
            "id": ".github",
            "rename": false,
            "repository": ".github"
          },
          "sensitive_attributes": [],
          "private": "bnVsbA==",
          "dependencies": [
            "module.github.github_branch.main",
            "module.github.github_repository.repository"
          ]
        }
      ]
    },
    {
      "module": "module.github",
      "mode": "managed",
      "type": "github_branch_protection_v3",
      "name": "main",
      "provider": "provider[\"registry.terraform.io/integrations/github\"]",
      "instances": [
        {
          "schema_version": 0,
          "attributes": {
            "branch": "main",
            "enforce_admins": true,
            "etag": "W/\"7ef9555b0ad0458fededcad0f7e68747cf40925f1bc53746eaaf94035c0fc60c\"",
            "id": ".github:main",
            "repository": ".github",
            "require_conversation_resolution": true,
            "require_signed_commits": false,
            "required_pull_request_reviews": [
              {
                "bypass_pull_request_allowances": [
                  {
                    "apps": [
                      "bakiorg-github"
                    ],
                    "teams": [],
                    "users": []
                  }
                ],
                "dismiss_stale_reviews": true,
                "dismissal_apps": [],
                "dismissal_teams": [],
                "dismissal_users": [],
                "include_admins": false,
                "require_code_owner_reviews": true,
                "required_approving_review_count": 1
              }
            ],
            "required_status_checks": [],
            "restrictions": []
          },
          "sensitive_attributes": [],
          "private": "bnVsbA==",
          "dependencies": [
            "module.github.github_branch.main",
            "module.github.github_repository.repository"
          ]
        }
      ]
    },
    {
      "module": "module.github",
      "mode": "managed",
      "type": "github_issue_labels",
      "name": "labels",
      "provider": "provider[\"registry.terraform.io/integrations/github\"]",
      "instances": [
        {
          "schema_version": 0,
          "attributes": {
            "id": ".github",
            "label": [
              {
                "color": "FF0000",
                "description": "",
                "name": "Critical",
                "url": "https://api.github.com/repos/bakiorg/.github/labels/Critical"
              },
              {
                "color": "FF0000",
                "description": "",
                "name": "Urgent",
                "url": "https://api.github.com/repos/bakiorg/.github/labels/Urgent"
              }
            ],
            "repository": ".github"
          },
          "sensitive_attributes": [],
          "private": "bnVsbA==",
          "dependencies": [
            "module.github.github_repository.repository"
          ]
        }
      ]
    },
    {
      "module": "module.github",
      "mode": "managed",
      "type": "github_repository",
      "name": "repository",
      "provider": "provider[\"registry.terraform.io/integrations/github\"]",
      "instances": [
        {
          "schema_version": 1,
          "attributes": {
            "allow_auto_merge": false,
            "allow_merge_commit": false,
            "allow_rebase_merge": false,
            "allow_squash_merge": true,
            "allow_update_branch": true,
            "archive_on_destroy": null,
            "archived": false,
            "auto_init": true,
            "default_branch": "main",
            "delete_branch_on_merge": true,
            "description": "",
            "etag": "W/\"72aabd1ec977de8a11f8c2a9d70048d83ada5dd7f7597c7c2e4328303b01fef1\"",
            "full_name": "bakiorg/.github",
            "git_clone_url": "git://github.com/bakiorg/.github.git",
            "gitignore_template": null,
            "has_discussions": false,
            "has_downloads": false,
            "has_issues": false,
            "has_projects": false,
            "has_wiki": false,
            "homepage_url": "",
            "html_url": "https://github.com/bakiorg/.github",
            "http_clone_url": "https://github.com/bakiorg/.github.git",
            "id": ".github",
            "ignore_vulnerability_alerts_during_read": null,
            "is_template": false,
            "license_template": null,
            "merge_commit_message": "PR_TITLE",
            "merge_commit_title": "MERGE_MESSAGE",
            "name": ".github",
            "node_id": "R_kgDOLTlodA",
            "pages": [],
            "primary_language": "",
            "private": false,
            "repo_id": 758737012,
            "security_and_analysis": [
              {
                "advanced_security": [],
                "secret_scanning": [
                  {
                    "status": "disabled"
                  }
                ],
                "secret_scanning_push_protection": [
                  {
                    "status": "disabled"
                  }
                ]
              }
            ],
            "squash_merge_commit_message": "BLANK",
            "squash_merge_commit_title": "PR_TITLE",
            "ssh_clone_url": "git@github.com:bakiorg/.github.git",
            "svn_url": "https://github.com/bakiorg/.github",
            "template": [],
            "topics": [],
            "visibility": "public",
            "vulnerability_alerts": false,
            "web_commit_signoff_required": false
          },
          "sensitive_attributes": [],
          "private": "eyJzY2hlbWFfdmVyc2lvbiI6IjEifQ=="
        }
      ]
    },
    {
      "module": "module.github",
      "mode": "managed",
      "type": "github_repository_collaborators",
      "name": "repository_collaborators",
      "provider": "provider[\"registry.terraform.io/integrations/github\"]",
      "instances": [
        {
          "schema_version": 0,
          "attributes": {
            "id": ".github",
            "invitation_ids": {},
            "repository": ".github",
            "team": [
              {
                "permission": "maintain",
                "team_id": "9506994"
              }
            ],
            "user": []
          },
          "sensitive_attributes": [],
          "private": "bnVsbA==",
          "dependencies": [
            "module.github.github_repository.repository",
            "module.owners.github_team.team"
          ]
        }
      ]
    },
    {
      "module": "module.github",
      "mode": "managed",
      "type": "github_repository_file",
      "name": "codeowners",
      "provider": "provider[\"registry.terraform.io/integrations/github\"]",
      "instances": [
        {
          "schema_version": 0,
          "attributes": {
            "branch": "main",
            "commit_author": null,
            "commit_email": null,
            "commit_message": "Managed by Terraform",
            "commit_sha": "a797570dbaf1f6d799791d95f79cea37f326f684",
            "content": "* @bakiorg/owners\n",
            "file": ".github/CODEOWNERS",
            "id": ".github/.github/CODEOWNERS",
            "overwrite_on_create": true,
            "ref": "main",
            "repository": ".github",
            "sha": "81287378197c204a2a791bf9cc96e532e7c258c8"
          },
          "sensitive_attributes": [],
          "private": "bnVsbA==",
          "dependencies": [
            "module.github.github_branch.main",
            "module.github.github_repository.repository",
            "module.owners.github_team.team"
          ]
        }
      ]
    },
    {
      "module": "module.owners",
      "mode": "managed",
      "type": "github_team",
      "name": "team",
      "provider": "provider[\"registry.terraform.io/integrations/github\"]",
      "instances": [
        {
          "schema_version": 0,
          "attributes": {
            "create_default_maintainer": false,
            "description": "",
            "etag": "W/\"718e937c81f34e50250f57e0698f467f6401e1a6373dd428af1fe3930e2c9e1a\"",
            "id": "9506994",
            "ldap_dn": "",
            "members_count": 1,
            "name": "owners",
            "node_id": "T_kwDOCY3ILc4AkRCy",
            "parent_team_id": "",
            "parent_team_read_id": "",
            "parent_team_read_slug": "",
            "privacy": "closed",
            "slug": "owners"
          },
          "sensitive_attributes": [],
          "private": "bnVsbA=="
        }
      ]
    },
    {
      "module": "module.owners",
      "mode": "managed",
      "type": "github_team_membership",
      "name": "some_team_membership",
      "provider": "provider[\"registry.terraform.io/integrations/github\"]",
      "instances": [
        {
          "index_key": "bakilol",
          "schema_version": 0,
          "attributes": {
            "etag": "W/\"32e7d1c26f9a7090bfd46f730885718e32bc3ff235d7bad0d478891c993997d2\"",
            "id": "9506994:bakilol",
            "role": "maintainer",
            "team_id": "9506994",
            "username": "bakilol"
          },
          "sensitive_attributes": [],
          "private": "bnVsbA==",
          "dependencies": [
            "module.owners.github_team.team"
          ]
        }
      ]
    },
    {
      "module": "module.owners",
      "mode": "managed",
      "type": "github_team_settings",
      "name": "code_review_settings",
      "provider": "provider[\"registry.terraform.io/integrations/github\"]",
      "instances": [
        {
          "schema_version": 0,
          "attributes": {
            "id": "T_kwDOCY3ILc4AkRCy",
            "review_request_delegation": [
              {
                "algorithm": "LOAD_BALANCE",
                "member_count": 1,
                "notify": true
              }
            ],
            "team_id": "9506994",
            "team_slug": "owners",
            "team_uid": "T_kwDOCY3ILc4AkRCy"
          },
          "sensitive_attributes": [],
          "private": "bnVsbA==",
          "dependencies": [
            "module.owners.github_team.team"
          ]
        }
      ]
    }
  ],
  "check_results": null
}
